#
# This file is autogenerated by pip-compile with Python 3.12 and pip-tools 7.6.1.
# Resolution baseline: CPython 3.12 / manylinux2014_aarch64 Lambda.
# requirements.txt sha256: 8d2f7283907dcdc2c7f9a68a6b24b7de65a93db843c28da009c266d7f1df2002
# To update:
#
#    ./scripts/compile_requirements.sh
#
annotated-doc==0.0.5
    # via fastapi
annotated-types==0.8.0
    # via pydantic
anyio==4.14.2
    # via
    #   httpx
    #   starlette
boto3==1.43.83
    # via -r requirements.txt
botocore==1.43.83
    # via
    #   boto3
    #   s3transfer
cachetools==7.1.7
    # via -r requirements.txt
certifi==2026.7.22
    # via
    #   httpcore
    #   httpx
cffi==2.1.1
    # via cryptography
click==8.5.0
    # via uvicorn
cryptography==50.0.1
    # via python-jose
ecdsa==0.19.2
    # via python-jose
fastapi==0.141.1
    # via -r requirements.txt
greenlet==3.2.5
    # via -r requirements.txt
h11==0.16.0
    # via
    #   httpcore
    #   uvicorn
httpcore==1.0.9
    # via httpx
httpx==0.27.2
    # via -r requirements.txt
idna==3.19
    # via
    #   anyio
    #   httpx
jmespath==1.1.0
    # via
    #   boto3
    #   botocore
mangum==0.22.0
    # via -r requirements.txt
myblog-shared-db @ git+https://github.com/hyuntohoon/myblog_shared_db.git@8319a564562365fc7d449357e93a7ab5c530b2f2
    # via -r requirements.txt
psycopg==3.1.18
    # via -r requirements.txt
psycopg-binary==3.1.18
    # via psycopg
pyasn1==0.6.4
    # via
    #   python-jose
    #   rsa
pycparser==3.0
    # via cffi
pydantic==2.13.5
    # via
    #   fastapi
    #   pydantic-settings
pydantic-core==2.46.5
    # via pydantic
pydantic-settings==2.15.0
    # via -r requirements.txt
python-dateutil==2.9.0.post0
    # via botocore
python-dotenv==1.0.1
    # via
    #   -r requirements.txt
    #   pydantic-settings
python-jose==3.5.0
    # via -r requirements.txt
rsa==4.9.1
    # via python-jose
s3transfer==0.19.2
    # via boto3
six==1.17.0
    # via
    #   ecdsa
    #   python-dateutil
sniffio==1.3.1
    # via httpx
sqlalchemy==2.0.52
    # via
    #   -r requirements.txt
    #   myblog-shared-db
starlette==1.6.0
    # via fastapi
typing-extensions==4.16.0
    # via
    #   anyio
    #   fastapi
    #   mangum
    #   psycopg
    #   pydantic
    #   pydantic-core
    #   sqlalchemy
    #   starlette
    #   typing-inspection
typing-inspection==0.4.4
    # via
    #   fastapi
    #   pydantic
    #   pydantic-settings
urllib3==2.7.0
    # via botocore
uvicorn==0.30.6
    # via -r requirements.txt
